{
  "name": "frontend",
  "lockfileVersion": 3,
  "requires": true,
  "packages": {
    "": {
      "dependencies": {
        "@fingerprintjs/fingerprintjs": "^4.6.1",
        "fingerprintjs": "^0.5.3"
      }
    },
    "node_modules/@fingerprintjs/fingerprintjs": {
      "version": "4.6.1",
      "resolved": "https://registry.npmjs.org/@fingerprintjs/fingerprintjs/-/fingerprintjs-4.6.1.tgz",
      "integrity": "sha512-62TPnX6fXXMlxS7SOR3DJWEOKab7rCALwSWkuKWYMRrnsZ/jD9Ju4CUyy9VWDUYuhQ2ZW1RGLwOZJXTXR6K1pg==",
      "license": "BUSL-1.1",
      "dependencies": {
        "tslib": "^2.4.1"
      }
    },
    "node_modules/fingerprintjs": {
      "version": "0.5.3",
      "resolved": "https://registry.npmjs.org/fingerprintjs/-/fingerprintjs-0.5.3.tgz",
      "integrity": "sha512-LPW+iJ9yaV+FIXbmPkbyp7n6UoxV1euVozieaq3ckuvPEAyJRRB0JxbBsShHh5h1jc9yn/EZ95EEb78109zuKg==",
      "deprecated": "Package has been renamed to @fingerprintjs/fingerprintjs. Install @fingerprintjs/fingerprintjs to get updates."
    },
    "node_modules/tslib": {
      "version": "2.8.1",
      "resolved": "https://registry.npmjs.org/tslib/-/tslib-2.8.1.tgz",
      "integrity": "sha512-oJFu94HQb+KVduSUQL7wnpmqnfmLsOA/nAh6b6EH0wCEoK0/mPeXU6c3wKDV83MkOuHPRHtSXKKU99IBazS/2w==",
      "license": "0BSD"
    }
  }
}
